
Microsoft Visual Studio Solution File, Format Version 12.00
# Visual Studio Version 16
VisualStudioVersion = 16.0.30804.86
MinimumVisualStudioVersion = 10.0.40219.1
Project("{FAE04EC0-301F-11D3-BF4B-00C04F79EFBC}") = "InventoryAPI", "InventoryAPI\InventoryAPI.csproj", "{C882376A-48A8-403D-A253-8CD091D44937}"
EndProject
Project("{FAE04EC0-301F-11D3-BF4B-00C04F79EFBC}") = "ApplicationCore", "ApplicationCore\ApplicationCore.csproj", "{23CB80C1-0B35-4B74-BF3D-0F80F416C46F}"
EndProject
Project("{FAE04EC0-301F-11D3-BF4B-00C04F79EFBC}") = "Domain", "Domain\Domain.csproj", "{0F603CF0-0D4B-4129-BA8D-71EF62CA13F2}"
EndProject
Project("{FAE04EC0-301F-11D3-BF4B-00C04F79EFBC}") = "Infrastructure", "Infrastructure\Infrastructure.csproj", "{3EAC6616-68F2-4B31-BF80-82A3B6ED2CCC}"
EndProject
Global
	GlobalSection(SolutionConfigurationPlatforms) = preSolution
		Debug|Any CPU = Debug|Any CPU
		Release|Any CPU = Release|Any CPU
	EndGlobalSection
	GlobalSection(ProjectConfigurationPlatforms) = postSolution
		{C882376A-48A8-403D-A253-8CD091D44937}.Debug|Any CPU.ActiveCfg = Debug|Any CPU
		{C882376A-48A8-403D-A253-8CD091D44937}.Debug|Any CPU.Build.0 = Debug|Any CPU
		{C882376A-48A8-403D-A253-8CD091D44937}.Release|Any CPU.ActiveCfg = Release|Any CPU
		{C882376A-48A8-403D-A253-8CD091D44937}.Release|Any CPU.Build.0 = Release|Any CPU
		{23CB80C1-0B35-4B74-BF3D-0F80F416C46F}.Debug|Any CPU.ActiveCfg = Debug|Any CPU
		{23CB80C1-0B35-4B74-BF3D-0F80F416C46F}.Debug|Any CPU.Build.0 = Debug|Any CPU
		{23CB80C1-0B35-4B74-BF3D-0F80F416C46F}.Release|Any CPU.ActiveCfg = Release|Any CPU
		{23CB80C1-0B35-4B74-BF3D-0F80F416C46F}.Release|Any CPU.Build.0 = Release|Any CPU
		{0F603CF0-0D4B-4129-BA8D-71EF62CA13F2}.Debug|Any CPU.ActiveCfg = Debug|Any CPU
		{0F603CF0-0D4B-4129-BA8D-71EF62CA13F2}.Debug|Any CPU.Build.0 = Debug|Any CPU
		{0F603CF0-0D4B-4129-BA8D-71EF62CA13F2}.Release|Any CPU.ActiveCfg = Release|Any CPU
		{0F603CF0-0D4B-4129-BA8D-71EF62CA13F2}.Release|Any CPU.Build.0 = Release|Any CPU
		{3EAC6616-68F2-4B31-BF80-82A3B6ED2CCC}.Debug|Any CPU.ActiveCfg = Debug|Any CPU
		{3EAC6616-68F2-4B31-BF80-82A3B6ED2CCC}.Debug|Any CPU.Build.0 = Debug|Any CPU
		{3EAC6616-68F2-4B31-BF80-82A3B6ED2CCC}.Release|Any CPU.ActiveCfg = Release|Any CPU
		{3EAC6616-68F2-4B31-BF80-82A3B6ED2CCC}.Release|Any CPU.Build.0 = Release|Any CPU
	EndGlobalSection
	GlobalSection(SolutionProperties) = preSolution
		HideSolutionNode = FALSE
	EndGlobalSection
	GlobalSection(ExtensibilityGlobals) = postSolution
		SolutionGuid = {4DB2C4A0-C2BA-4653-98A6-904DE81CA816}
	EndGlobalSection
EndGlobal
